
Microsoft Visual Studio Solution File, Format Version 12.00
# Visual Studio Version 17
VisualStudioVersion = 17.2.32519.379
MinimumVisualStudioVersion = 10.0.40219.1
Project("{FAE04EC0-301F-11D3-BF4B-00C04F79EFBC}") = "Ejercicio 5", "Ejercicio 5.csproj", "{2ED9A26E-C8B9-4EC8-BE79-FB41BB421EDF}"
EndProject
Global
	GlobalSection(SolutionConfigurationPlatforms) = preSolution
		Debug|Any CPU = Debug|Any CPU
		Release|Any CPU = Release|Any CPU
	EndGlobalSection
	GlobalSection(ProjectConfigurationPlatforms) = postSolution
		{2ED9A26E-C8B9-4EC8-BE79-FB41BB421EDF}.Debug|Any CPU.ActiveCfg = Debug|Any CPU
		{2ED9A26E-C8B9-4EC8-BE79-FB41BB421EDF}.Debug|Any CPU.Build.0 = Debug|Any CPU
		{2ED9A26E-C8B9-4EC8-BE79-FB41BB421EDF}.Release|Any CPU.ActiveCfg = Release|Any CPU
		{2ED9A26E-C8B9-4EC8-BE79-FB41BB421EDF}.Release|Any CPU.Build.0 = Release|Any CPU
	EndGlobalSection
	GlobalSection(SolutionProperties) = preSolution
		HideSolutionNode = FALSE
	EndGlobalSection
	GlobalSection(ExtensibilityGlobals) = postSolution
		SolutionGuid = {C3B3F41A-C922-489A-BF0F-6586A09D1820}
	EndGlobalSection
EndGlobal
