
Microsoft Visual Studio Solution File, Format Version 12.00
# Visual Studio Version 17
VisualStudioVersion = 17.2.32519.379
MinimumVisualStudioVersion = 10.0.40219.1
Project("{FAE04EC0-301F-11D3-BF4B-00C04F79EFBC}") = "ejercicio9", "ejercicio9.csproj", "{443A6D4C-5CF9-491E-9F9A-26395CAB26FF}"
EndProject
Global
	GlobalSection(SolutionConfigurationPlatforms) = preSolution
		Debug|Any CPU = Debug|Any CPU
		Release|Any CPU = Release|Any CPU
	EndGlobalSection
	GlobalSection(ProjectConfigurationPlatforms) = postSolution
		{443A6D4C-5CF9-491E-9F9A-26395CAB26FF}.Debug|Any CPU.ActiveCfg = Debug|Any CPU
		{443A6D4C-5CF9-491E-9F9A-26395CAB26FF}.Debug|Any CPU.Build.0 = Debug|Any CPU
		{443A6D4C-5CF9-491E-9F9A-26395CAB26FF}.Release|Any CPU.ActiveCfg = Release|Any CPU
		{443A6D4C-5CF9-491E-9F9A-26395CAB26FF}.Release|Any CPU.Build.0 = Release|Any CPU
	EndGlobalSection
	GlobalSection(SolutionProperties) = preSolution
		HideSolutionNode = FALSE
	EndGlobalSection
	GlobalSection(ExtensibilityGlobals) = postSolution
		SolutionGuid = {E6DACFB1-189E-42C4-8599-3D9705A9ACD9}
	EndGlobalSection
EndGlobal
